
Microsoft Visual Studio Solution File, Format Version 12.00
# Visual Studio Version 17
VisualStudioVersion = 17.3.32825.248
MinimumVisualStudioVersion = 10.0.40219.1
Project("{9A19103F-16F7-4668-BE54-9A1E7A4F7556}") = "Demo_Abstract", "Demo_Abstract\Demo_Abstract.csproj", "{AF8A25A7-A4A8-4201-8E4F-F11EA7208D5C}"
EndProject
Project("{9A19103F-16F7-4668-BE54-9A1E7A4F7556}") = "Shapes", "Shapes\Shapes.csproj", "{8581273E-3D51-4FC8-B719-7FDA57D4F4A4}"
EndProject
Project("{9A19103F-16F7-4668-BE54-9A1E7A4F7556}") = "Cars", "Cars\Cars.csproj", "{02A5BD7A-5A67-4DBA-8F90-8CBC9A14A85D}"
EndProject
Project("{9A19103F-16F7-4668-BE54-9A1E7A4F7556}") = "Interface Person", "Interface Person\Interface Person.csproj", "{7BA2DA74-C83D-4752-9BCB-7EA407ADEF50}"
EndProject
Project("{FAE04EC0-301F-11D3-BF4B-00C04F79EFBC}") = "Multiple Implementation", "Multiple Implementation\Multiple Implementation.csproj", "{6F634C1F-401E-4846-BD4E-74257BA06BAB}"
EndProject
Global
	GlobalSection(SolutionConfigurationPlatforms) = preSolution
		Debug|Any CPU = Debug|Any CPU
		Release|Any CPU = Release|Any CPU
	EndGlobalSection
	GlobalSection(ProjectConfigurationPlatforms) = postSolution
		{AF8A25A7-A4A8-4201-8E4F-F11EA7208D5C}.Debug|Any CPU.ActiveCfg = Debug|Any CPU
		{AF8A25A7-A4A8-4201-8E4F-F11EA7208D5C}.Debug|Any CPU.Build.0 = Debug|Any CPU
		{AF8A25A7-A4A8-4201-8E4F-F11EA7208D5C}.Release|Any CPU.ActiveCfg = Release|Any CPU
		{AF8A25A7-A4A8-4201-8E4F-F11EA7208D5C}.Release|Any CPU.Build.0 = Release|Any CPU
		{8581273E-3D51-4FC8-B719-7FDA57D4F4A4}.Debug|Any CPU.ActiveCfg = Debug|Any CPU
		{8581273E-3D51-4FC8-B719-7FDA57D4F4A4}.Debug|Any CPU.Build.0 = Debug|Any CPU
		{8581273E-3D51-4FC8-B719-7FDA57D4F4A4}.Release|Any CPU.ActiveCfg = Release|Any CPU
		{8581273E-3D51-4FC8-B719-7FDA57D4F4A4}.Release|Any CPU.Build.0 = Release|Any CPU
		{02A5BD7A-5A67-4DBA-8F90-8CBC9A14A85D}.Debug|Any CPU.ActiveCfg = Debug|Any CPU
		{02A5BD7A-5A67-4DBA-8F90-8CBC9A14A85D}.Debug|Any CPU.Build.0 = Debug|Any CPU
		{02A5BD7A-5A67-4DBA-8F90-8CBC9A14A85D}.Release|Any CPU.ActiveCfg = Release|Any CPU
		{02A5BD7A-5A67-4DBA-8F90-8CBC9A14A85D}.Release|Any CPU.Build.0 = Release|Any CPU
		{7BA2DA74-C83D-4752-9BCB-7EA407ADEF50}.Debug|Any CPU.ActiveCfg = Debug|Any CPU
		{7BA2DA74-C83D-4752-9BCB-7EA407ADEF50}.Debug|Any CPU.Build.0 = Debug|Any CPU
		{7BA2DA74-C83D-4752-9BCB-7EA407ADEF50}.Release|Any CPU.ActiveCfg = Release|Any CPU
		{7BA2DA74-C83D-4752-9BCB-7EA407ADEF50}.Release|Any CPU.Build.0 = Release|Any CPU
		{6F634C1F-401E-4846-BD4E-74257BA06BAB}.Debug|Any CPU.ActiveCfg = Debug|Any CPU
		{6F634C1F-401E-4846-BD4E-74257BA06BAB}.Debug|Any CPU.Build.0 = Debug|Any CPU
		{6F634C1F-401E-4846-BD4E-74257BA06BAB}.Release|Any CPU.ActiveCfg = Release|Any CPU
		{6F634C1F-401E-4846-BD4E-74257BA06BAB}.Release|Any CPU.Build.0 = Release|Any CPU
	EndGlobalSection
	GlobalSection(SolutionProperties) = preSolution
		HideSolutionNode = FALSE
	EndGlobalSection
	GlobalSection(ExtensibilityGlobals) = postSolution
		SolutionGuid = {57B48698-DA1D-4797-9C1E-3699647689E2}
	EndGlobalSection
EndGlobal
